<Project xmlns="http://schemas.microsoft.com/developer/msbuild/2003">
    <PropertyGroup>
        <ProjectGuid>{F71202D3-4998-41D4-86C2-E597192FA74C}</ProjectGuid>
        <MainSource>rppack_delxe4.dpk</MainSource>
        <ProjectVersion>14.6</ProjectVersion>
        <FrameworkType>VCL</FrameworkType>
        <Base>True</Base>
        <Config Condition="'$(Config)'==''">Debug</Config>
        <Platform Condition="'$(Platform)'==''">Win32</Platform>
        <TargetedPlatforms>1</TargetedPlatforms>
        <AppType>Package</AppType>
    </PropertyGroup>
    <PropertyGroup Condition="'$(Config)'=='Base' or '$(Base)'!=''">
        <Base>true</Base>
    </PropertyGroup>
    <PropertyGroup Condition="('$(Platform)'=='Win32' and '$(Base)'=='true') or '$(Base_Win32)'!=''">
        <Base_Win32>true</Base_Win32>
        <CfgParent>Base</CfgParent>
        <Base>true</Base>
    </PropertyGroup>
    <PropertyGroup Condition="('$(Platform)'=='Win64' and '$(Base)'=='true') or '$(Base_Win64)'!=''">
        <Base_Win64>true</Base_Win64>
        <CfgParent>Base</CfgParent>
        <Base>true</Base>
    </PropertyGroup>
    <PropertyGroup Condition="'$(Config)'=='Debug' or '$(Cfg_1)'!=''">
        <Cfg_1>true</Cfg_1>
        <CfgParent>Base</CfgParent>
        <Base>true</Base>
    </PropertyGroup>
    <PropertyGroup Condition="('$(Platform)'=='Win32' and '$(Cfg_1)'=='true') or '$(Cfg_1_Win32)'!=''">
        <Cfg_1_Win32>true</Cfg_1_Win32>
        <CfgParent>Cfg_1</CfgParent>
        <Cfg_1>true</Cfg_1>
        <Base>true</Base>
    </PropertyGroup>
    <PropertyGroup Condition="'$(Config)'=='Release' or '$(Cfg_2)'!=''">
        <Cfg_2>true</Cfg_2>
        <CfgParent>Base</CfgParent>
        <Base>true</Base>
    </PropertyGroup>
    <PropertyGroup Condition="'$(Base)'!=''">
        <DCC_Description>Report Manager runtime</DCC_Description>
        <VerInfo_Keys>CompanyName=;FileDescription=;FileVersion=1.0.0.0;InternalName=;LegalCopyright=;LegalTrademarks=;OriginalFilename=;ProductName=;ProductVersion=1.0.0.0;Comments=</VerInfo_Keys>
        <VerInfo_Locale>3082</VerInfo_Locale>
        <RuntimeOnlyPackage>true</RuntimeOnlyPackage>
        <DCC_UsePackage>rtl;xmlrtl;dsnap;dbrtl;dbexpress;ibxpress;IndyCore;IndySystem;IndyProtocols;DBXMySQLDriver;DBXInterBaseDriver;DBXFirebirdDriver;DBXSybaseASADriver;DBXOracleDriver;DBXInformixDriver;DbxClientDriver;CustomIPTransport;$(DCC_UsePackage)</DCC_UsePackage>
        <DCC_CBuilderOutput>All</DCC_CBuilderOutput>
        <GenPackage>true</GenPackage>
        <GenDll>true</GenDll>
        <DCC_Namespace>System;Xml;Data;Datasnap;Web;Soap;Vcl;Vcl.Imaging;Vcl.Touch;Vcl.Samples;Vcl.Shell;$(DCC_Namespace)</DCC_Namespace>
        <DCC_DcuOutput>.\$(Platform)\$(Config)</DCC_DcuOutput>
        <DCC_ExeOutput>.\$(Platform)\$(Config)</DCC_ExeOutput>
        <DCC_E>false</DCC_E>
        <DCC_N>false</DCC_N>
        <DCC_S>false</DCC_S>
        <DCC_F>false</DCC_F>
        <DCC_K>false</DCC_K>
    </PropertyGroup>
    <PropertyGroup Condition="'$(Base_Win32)'!=''">
        <DCC_UsePackage>vclx;vcl;vclimg;vcldb;bdertl;VclSmp;Tee;adortl;DBXSybaseASEDriver;DBXMSSQLDriver;DBXDb2Driver;ZComponent;ZParseSql;ZCore;ZDbc;ZPlain;$(DCC_UsePackage)</DCC_UsePackage>
        <VerInfo_IncludeVerInfo>true</VerInfo_IncludeVerInfo>
        <DCC_Namespace>Winapi;System.Win;Data.Win;Datasnap.Win;Web.Win;Soap.Win;Xml.Win;Bde;$(DCC_Namespace)</DCC_Namespace>
        <VerInfo_Locale>1033</VerInfo_Locale>
    </PropertyGroup>
    <PropertyGroup Condition="'$(Base_Win64)'!=''">
        <DCC_UsePackage>vclx;vcl;vclimg;vcldb;VclSmp;Tee;adortl;DBXSybaseASEDriver;DBXMSSQLDriver;DBXDb2Driver;ZComponent;ZParseSql;ZCore;ZDbc;ZPlain;$(DCC_UsePackage)</DCC_UsePackage>
    </PropertyGroup>
    <PropertyGroup Condition="'$(Cfg_1)'!=''">
        <DCC_Define>DEBUG;$(DCC_Define)</DCC_Define>
        <DCC_Optimize>false</DCC_Optimize>
        <DCC_GenerateStackFrames>true</DCC_GenerateStackFrames>
        <DCC_DebugInfoInExe>true</DCC_DebugInfoInExe>
        <DCC_RemoteDebug>true</DCC_RemoteDebug>
    </PropertyGroup>
    <PropertyGroup Condition="'$(Cfg_1_Win32)'!=''">
        <DCC_Description>Report Manager Runtime XE2</DCC_Description>
        <DCC_Define>REPMANRELEASE;$(DCC_Define)</DCC_Define>
        <VerInfo_IncludeVerInfo>true</VerInfo_IncludeVerInfo>
        <VerInfo_Locale>1033</VerInfo_Locale>
        <DCC_RemoteDebug>false</DCC_RemoteDebug>
    </PropertyGroup>
    <PropertyGroup Condition="'$(Cfg_2)'!=''">
        <DCC_LocalDebugSymbols>false</DCC_LocalDebugSymbols>
        <DCC_Define>RELEASE;$(DCC_Define)</DCC_Define>
        <DCC_SymbolReferenceInfo>0</DCC_SymbolReferenceInfo>
        <DCC_DebugInformation>false</DCC_DebugInformation>
    </PropertyGroup>
    <ItemGroup>
        <DelphiCompile Include="$(MainSource)">
            <MainSource>MainSource</MainSource>
        </DelphiCompile>
        <DCCReference Include="rpvclreport.dcr"/>
        <DCCReference Include="rpactivexreport.dcr"/>
        <DCCReference Include="rpalias.dcr"/>
        <DCCReference Include="rpwebmetaclient.dcr"/>
        <DCCReference Include="rpmaskedit.dcr"/>
        <DCCReference Include="rpeval.dcr"/>
        <DCCReference Include="rpexpredlgvcl.dcr"/>
        <DCCReference Include="rplastsav.dcr"/>
        <DCCReference Include="rptranslator.dcr"/>
        <DCCReference Include="rprulervcl.dcr"/>
        <DCCReference Include="rppdfreport.dcr"/>
        <DCCReference Include="rpmdesignervcl.dcr"/>
        <DCCReference Include="rtl.dcp"/>
        <DCCReference Include="vclx.dcp"/>
        <DCCReference Include="vcl.dcp"/>
        <DCCReference Include="vclimg.dcp"/>
        <DCCReference Include="DbxCommonDriver.dcp"/>
        <DCCReference Include="dbrtl.dcp"/>
        <DCCReference Include="DbxClientDriver.dcp"/>
        <DCCReference Include="CustomIPTransport.dcp"/>
        <DCCReference Include="dbexpress.dcp"/>
        <DCCReference Include="dsnap.dcp"/>
        <DCCReference Include="vcldb.dcp"/>
        <DCCReference Include="bdertl.dcp"/>
        <DCCReference Include="DBXInterBaseDriver.dcp"/>
        <DCCReference Include="DBXMySQLDriver.dcp"/>
        <DCCReference Include="IndySystem.dcp"/>
        <DCCReference Include="IndyProtocols.dcp"/>
        <DCCReference Include="IndyCore.dcp"/>
        <DCCReference Include="rpgdidriver.pas"/>
        <DCCReference Include="rpdatainfo.pas"/>
        <DCCReference Include="rpalias.pas"/>
        <DCCReference Include="rpbarcodecons.pas"/>
        <DCCReference Include="rpbasereport.pas"/>
        <DCCReference Include="rpcolumnar.pas"/>
        <DCCReference Include="rpcompobase.pas"/>
        <DCCReference Include="rpcsvdriver.pas"/>
        <DCCReference Include="rpdataset.pas"/>
        <DCCReference Include="rpdatatext.pas"/>
        <DCCReference Include="rpdbxconfigvcl.pas">
            <Form>FRpDBXConfigVCL</Form>
        </DCCReference>
        <DCCReference Include="rpdrawitem.pas"/>
        <DCCReference Include="rpeval.pas"/>
        <DCCReference Include="rpevalfunc.pas"/>
        <DCCReference Include="rpexceldriver.pas">
            <Form>FRpExcelProgress</Form>
        </DCCReference>
        <DCCReference Include="rpexpredlgvcl.pas">
            <Form>FRpExpredialogVCL</Form>
        </DCCReference>
        <DCCReference Include="rpfparamsvcl.pas">
            <Form>FRpParamsVCL</Form>
        </DCCReference>
        <DCCReference Include="rphtmldriver.pas"/>
        <DCCReference Include="rpinfoprovgdi.pas"/>
        <DCCReference Include="rpinfoprovid.pas"/>
        <DCCReference Include="rplabelitem.pas"/>
        <DCCReference Include="rpmaskedit.pas"/>
        <DCCReference Include="rpmdbarcode.pas"/>
        <DCCReference Include="rpmdchart.pas"/>
        <DCCReference Include="rpmdcharttypes.pas"/>
        <DCCReference Include="rpmdclitreevcl.pas">
            <Form>FRpCliTreeVCL</Form>
            <DesignClass>TFrame</DesignClass>
        </DCCReference>
        <DCCReference Include="rpmdconsts.pas"/>
        <DCCReference Include="rpmdesignervcl.pas"/>
        <DCCReference Include="rpmdexpdbf.pas">
            <Form>FRpExpDBF</Form>
        </DCCReference>
        <DCCReference Include="rpmdexpexcel.pas">
            <Form>FRpExpExcel</Form>
        </DCCReference>
        <DCCReference Include="rpmdfsampledatavcl.pas">
            <Form>FRpShowSampledataVCL</Form>
        </DCCReference>
        <DCCReference Include="rpmdfsearchvcl.pas">
            <Form>FRpSearchParamVCL</Form>
        </DCCReference>
        <DCCReference Include="rpvclreport.pas"/>
        <DCCReference Include="rptypes.pas"/>
        <DCCReference Include="rppdffile.pas"/>
        <DCCReference Include="rpgdifonts.pas"/>
        <DCCReference Include="rpgraphicex.pas"/>
        <DCCReference Include="rpzlib77.pas"/>
        <DCCReference Include="rpmunits.pas"/>
        <DCCReference Include="rprulervcl.pas"/>
        <DCCReference Include="rpactivexreport.pas"/>
        <DCCReference Include="rpgraphutilsvcl.pas">
            <Form>FRpMessageDlgVCL</Form>
        </DCCReference>
        <DCCReference Include="rptypeval.pas"/>
        <DCCReference Include="rpreport.pas"/>
        <DCCReference Include="rpmetafile.pas"/>
        <DCCReference Include="rpmdshfolder.pas"/>
        <DCCReference Include="rpmdrepclient.pas"/>
        <DCCReference Include="rpparams.pas"/>
        <DCCReference Include="rpsubreport.pas"/>
        <DCCReference Include="rpfmainmetaviewvcl.pas">
            <Form>FRpMainMetaVCL</Form>
        </DCCReference>
        <DCCReference Include="rppdfdriver.pas"/>
        <DCCReference Include="rpmdprotocol.pas"/>
        <DCCReference Include="rpprintitem.pas"/>
        <DCCReference Include="rpparser.pas"/>
        <DCCReference Include="rptranslator.pas"/>
        <DCCReference Include="rpsection.pas"/>
        <DCCReference Include="rpsecutil.pas"/>
        <DCCReference Include="rpmdobinsintvcl.pas"/>
        <DCCReference Include="rpxmlstream.pas"/>
        <DCCReference Include="rpmdflabelintvcl.pas"/>
        <DCCReference Include="rpmdfdrawintvcl.pas"/>
        <DCCReference Include="rpmdfmainvcl.pas">
            <Form>FRpMainFVCL</Form>
        </DCCReference>
        <DCCReference Include="rpdbbrowservcl.pas">
            <Form>FRpBrowserVCL</Form>
            <DesignClass>TFrame</DesignClass>
        </DCCReference>
        <DCCReference Include="rpmdfwizardvcl.pas">
            <Form>FRpWizardVCL</Form>
        </DCCReference>
        <DCCReference Include="rpmdfselectfields.pas">
            <Form>FRpSelectFields</Form>
            <DesignClass>TFrame</DesignClass>
        </DCCReference>
        <DCCReference Include="rpgraphiccolor.pas"/>
        <DCCReference Include="rptextdriver.pas"/>
        <DCCReference Include="rppreviewmeta.pas"/>
        <DCCReference Include="rpmdftreevcl.pas">
            <Form>FRpDBTreeVCL</Form>
            <DesignClass>TFrame</DesignClass>
        </DCCReference>
        <DCCReference Include="rpvgraphutils.pas"/>
        <DCCReference Include="rpmdfopenlibvcl.pas">
            <Form>FRpOpenLibVCL</Form>
        </DCCReference>
        <DCCReference Include="rppagesetupvcl.pas">
            <Form>FRpPageSetupVCL</Form>
        </DCCReference>
        <DCCReference Include="rpmdfconnectionvcl.pas">
            <Form>FRpConnectionVCL</Form>
            <DesignClass>TFrame</DesignClass>
        </DCCReference>
        <DCCReference Include="rpmdfdatasetsvcl.pas">
            <Form>FRpDatasetsVCL</Form>
            <DesignClass>TFrame</DesignClass>
        </DCCReference>
        <DCCReference Include="rpmdfsectionintvcl.pas"/>
        <DCCReference Include="rpmdfdesignvcl.pas">
            <Form>FRpDesignFrameVCL</Form>
            <DesignClass>TFrame</DesignClass>
        </DCCReference>
        <DCCReference Include="rpmdfdatatextvcl.pas">
            <Form>FRpDataTextVCL</Form>
        </DCCReference>
        <DCCReference Include="rpmdprintconfigvcl.pas">
            <Form>FRpPrinterConfigVCL</Form>
        </DCCReference>
        <DCCReference Include="rpeditconnvcl.pas">
            <Form>FRpEditConVCL</Form>
        </DCCReference>
        <DCCReference Include="rpgraphiccompression.pas"/>
        <DCCReference Include="rpfmetaviewvcl.pas">
            <Form>FRpMetaVCL</Form>
            <DesignClass>TFrame</DesignClass>
        </DCCReference>
        <DCCReference Include="rpmdfaboutvcl.pas">
            <Form>FRpAboutBoxVCL</Form>
        </DCCReference>
        <DCCReference Include="rprfvparams.pas">
            <Form>FRpRTParams</Form>
        </DCCReference>
        <DCCReference Include="rpmdsysinfo.pas">
            <Form>FRpSysInfo</Form>
        </DCCReference>
        <DCCReference Include="rpmdobjinspvcl.pas">
            <Form>FRpObjInspVCL</Form>
            <DesignClass>TFrame</DesignClass>
        </DCCReference>
        <DCCReference Include="rpmdfstrucvcl.pas">
            <Form>FRpStructureVCL</Form>
            <DesignClass>TFrame</DesignClass>
        </DCCReference>
        <DCCReference Include="rpdbgridvcl.pas"/>
        <DCCReference Include="rpdbdatetimepicker.pas"/>
        <DCCReference Include="rpwebmetaclient.pas"/>
        <DCCReference Include="rppdfreport.pas"/>
        <DCCReference Include="rpmdfdinfovcl.pas">
            <Form>FRpDInfoVCL</Form>
        </DCCReference>
        <DCCReference Include="rpmdfgridvcl.pas">
            <Form>FRpGridOptionsVCL</Form>
        </DCCReference>
        <DCCReference Include="rpmdfextsecvcl.pas">
            <Form>FRpExtSectionVCL</Form>
        </DCCReference>
        <DCCReference Include="rpgraphicStrings.pas"/>
        <DCCReference Include="rpsvgdriver.pas"/>
        <DCCReference Include="rpcompilerep.pas"/>
        <DCCReference Include="rpclientdataset.pas"/>
        <DCCReference Include="rplastsav.pas"/>
        <DCCReference Include="rpmdfbarcodeintvcl.pas"/>
        <DCCReference Include="rpmdfchartintvcl.pas"/>
        <DCCReference Include="rpvpreview.pas">
            <Form>FRpVPreview</Form>
        </DCCReference>
        <DCCReference Include="rppreviewcontrol.pas"/>
        <BuildConfiguration Include="Release">
            <Key>Cfg_2</Key>
            <CfgParent>Base</CfgParent>
        </BuildConfiguration>
        <BuildConfiguration Include="Base">
            <Key>Base</Key>
        </BuildConfiguration>
        <BuildConfiguration Include="Debug">
            <Key>Cfg_1</Key>
            <CfgParent>Base</CfgParent>
        </BuildConfiguration>
    </ItemGroup>
    <ProjectExtensions>
        <Borland.Personality>Delphi.Personality.12</Borland.Personality>
        <Borland.ProjectType>Package</Borland.ProjectType>
        <BorlandProject>
            <Delphi.Personality>
                <Source>
                    <Source Name="MainSource">rppack_delxe4.dpk</Source>
                </Source>
                <VersionInfo>
                    <VersionInfo Name="IncludeVerInfo">True</VersionInfo>
                    <VersionInfo Name="AutoIncBuild">False</VersionInfo>
                    <VersionInfo Name="MajorVer">1</VersionInfo>
                    <VersionInfo Name="MinorVer">0</VersionInfo>
                    <VersionInfo Name="Release">0</VersionInfo>
                    <VersionInfo Name="Build">0</VersionInfo>
                    <VersionInfo Name="Debug">False</VersionInfo>
                    <VersionInfo Name="PreRelease">False</VersionInfo>
                    <VersionInfo Name="Special">False</VersionInfo>
                    <VersionInfo Name="Private">False</VersionInfo>
                    <VersionInfo Name="DLL">False</VersionInfo>
                    <VersionInfo Name="Locale">3082</VersionInfo>
                    <VersionInfo Name="CodePage">1252</VersionInfo>
                </VersionInfo>
                <VersionInfoKeys>
                    <VersionInfoKeys Name="CompanyName"/>
                    <VersionInfoKeys Name="FileDescription"/>
                    <VersionInfoKeys Name="FileVersion">1.0.0.0</VersionInfoKeys>
                    <VersionInfoKeys Name="InternalName"/>
                    <VersionInfoKeys Name="LegalCopyright"/>
                    <VersionInfoKeys Name="LegalTrademarks"/>
                    <VersionInfoKeys Name="OriginalFilename"/>
                    <VersionInfoKeys Name="ProductName"/>
                    <VersionInfoKeys Name="ProductVersion">1.0.0.0</VersionInfoKeys>
                    <VersionInfoKeys Name="Comments"/>
                </VersionInfoKeys>
                <Excluded_Packages>
                    <Excluded_Packages Name="$(BDSBIN)\bcboffice2k180.bpl">Embarcadero C++Builder Office 2000 Servers Package</Excluded_Packages>
                    <Excluded_Packages Name="$(BDSBIN)\bcbofficexp180.bpl">Embarcadero C++Builder Office XP Servers Package</Excluded_Packages>
                    <Excluded_Packages Name="$(BDSBIN)\dcloffice2k180.bpl">Microsoft Office 2000 Sample Automation Server Wrapper Components</Excluded_Packages>
                    <Excluded_Packages Name="$(BDSBIN)\dclofficexp180.bpl">Microsoft Office XP Sample Automation Server Wrapper Components</Excluded_Packages>
                </Excluded_Packages>
            </Delphi.Personality>
            <Deployment/>
            <Platforms>
                <Platform value="iOSDevice">False</Platform>
                <Platform value="iOSSimulator">False</Platform>
                <Platform value="OSX32">False</Platform>
                <Platform value="Win32">True</Platform>
                <Platform value="Win64">False</Platform>
            </Platforms>
        </BorlandProject>
        <ProjectFileVersion>12</ProjectFileVersion>
    </ProjectExtensions>
    <Import Condition="Exists('$(BDS)\Bin\CodeGear.Delphi.Targets')" Project="$(BDS)\Bin\CodeGear.Delphi.Targets"/>
    <Import Condition="Exists('$(APPDATA)\Embarcadero\$(BDSAPPDATABASEDIR)\$(PRODUCTVERSION)\UserTools.proj')" Project="$(APPDATA)\Embarcadero\$(BDSAPPDATABASEDIR)\$(PRODUCTVERSION)\UserTools.proj"/>
</Project>
