<?xml version="1.0" encoding="utf-8"?>
<Project xmlns="http://schemas.microsoft.com/developer/msbuild/2003">
  <PropertyGroup>
    <ProjectGuid>{e67af1b6-dba4-46ac-ada5-bdbc57549d2d}</ProjectGuid>
    <MainSource>repmandxp.dpr</MainSource>
    <Configuration Condition=" '$(Configuration)' == '' ">Debug</Configuration>
    <Platform Condition=" '$(Platform)' == '' ">AnyCPU</Platform>
    <DCC_DCCCompiler>DCC32</DCC_DCCCompiler>
    <DCC_DependencyCheckOutputName>repmandxp.exe</DCC_DependencyCheckOutputName>
  </PropertyGroup>
  <PropertyGroup Condition=" '$(Configuration)|$(Platform)' == 'Release|AnyCPU' ">
    <Version>7.0</Version>
    <DCC_DebugInformation>False</DCC_DebugInformation>
    <DCC_LocalDebugSymbols>False</DCC_LocalDebugSymbols>
    <DCC_SymbolReferenceInfo>0</DCC_SymbolReferenceInfo>
    <DCC_Define>RELEASE</DCC_Define>
  </PropertyGroup>
  <PropertyGroup Condition=" '$(Configuration)|$(Platform)' == 'Debug|AnyCPU' ">
    <Version>7.0</Version>
    <DCC_Define>DEBUG</DCC_Define>
  </PropertyGroup>
  <ProjectExtensions>
    <Borland.Personality>Delphi.Personality</Borland.Personality>
    <Borland.ProjectType>VCLApplication</Borland.ProjectType>
    <BorlandProject>
<BorlandProject><Delphi.Personality><Parameters><Parameters Name="UseLauncher">False</Parameters><Parameters Name="LoadAllSymbols">True</Parameters><Parameters Name="LoadUnspecifiedSymbols">False</Parameters></Parameters><VersionInfo><VersionInfo Name="IncludeVerInfo">True</VersionInfo><VersionInfo Name="AutoIncBuild">False</VersionInfo><VersionInfo Name="MajorVer">1</VersionInfo><VersionInfo Name="MinorVer">0</VersionInfo><VersionInfo Name="Release">8026</VersionInfo><VersionInfo Name="Build">25038</VersionInfo><VersionInfo Name="Debug">False</VersionInfo><VersionInfo Name="PreRelease">False</VersionInfo><VersionInfo Name="Special">False</VersionInfo><VersionInfo Name="Private">False</VersionInfo><VersionInfo Name="DLL">False</VersionInfo><VersionInfo Name="Locale">1033</VersionInfo><VersionInfo Name="CodePage">1252</VersionInfo></VersionInfo><VersionInfoKeys><VersionInfoKeys Name="CompanyName"></VersionInfoKeys><VersionInfoKeys Name="FileDescription">repmandxp</VersionInfoKeys><VersionInfoKeys Name="FileVersion">1.0.0.0</VersionInfoKeys><VersionInfoKeys Name="InternalName"></VersionInfoKeys><VersionInfoKeys Name="LegalCopyright"></VersionInfoKeys><VersionInfoKeys Name="LegalTrademarks"></VersionInfoKeys><VersionInfoKeys Name="OriginalFilename"></VersionInfoKeys><VersionInfoKeys Name="ProductName">repmandxp</VersionInfoKeys><VersionInfoKeys Name="ProductVersion">1.0.0.0</VersionInfoKeys><VersionInfoKeys Name="Comments"></VersionInfoKeys>  <VersionInfoKeys Name="ProgramID">com.embarcadero.repmandxp</VersionInfoKeys>
    </VersionInfoKeys><Source><Source Name="MainSource">repmandxp.dpr</Source></Source></Delphi.Personality></BorlandProject></BorlandProject>
  </ProjectExtensions>
  <Import Project="$(MSBuildBinPath)\Borland.Delphi.Targets" />
  <ItemGroup>
    <DelphiCompile Include="repmandxp.dpr">
      <MainSource>MainSource</MainSource>
    </DelphiCompile>
    <DCCReference Include="..\rpactivexreport.pas" />
    <DCCReference Include="..\rpalias.pas" />
    <DCCReference Include="..\rpbarcodecons.pas" />
    <DCCReference Include="..\rpbasereport.pas" />
    <DCCReference Include="..\rpcolumnar.pas" />
    <DCCReference Include="..\rpcomparable.pas" />
    <DCCReference Include="..\rpcompilerep.pas" />
    <DCCReference Include="..\rpcompobase.pas" />
    <DCCReference Include="..\rpcsvdriver.pas" />
    <DCCReference Include="..\rpdatainfo.pas" />
    <DCCReference Include="..\rpdataset.pas" />
    <DCCReference Include="..\rpdatatext.pas" />
    <DCCReference Include="..\rpdatetimepicker.pas" />
    <DCCReference Include="..\rpdbbrowservcl.pas">
      <Form>FRpBrowserVCL</Form>
    </DCCReference>
    <DCCReference Include="..\rpdbxconfigvcl.pas">
      <Form>FRpDBXConfigVCL</Form>
    </DCCReference>
    <DCCReference Include="..\rpdrawitem.pas" />
    <DCCReference Include="..\rpeditconnvcl.pas">
      <Form>FRpEditConVCL</Form>
    </DCCReference>
    <DCCReference Include="..\rpeval.pas" />
    <DCCReference Include="..\rpevalfunc.pas" />
    <DCCReference Include="..\rpexceldriver.pas">
      <Form>FRpExcelProgress</Form>
    </DCCReference>
    <DCCReference Include="..\rpexpredlgvcl.pas">
      <Form>FRpExpredialogVCL</Form>
    </DCCReference>
    <DCCReference Include="..\rpfmainmetaviewvcl.pas">
      <Form>FRpMainMetaVCL</Form>
    </DCCReference>
    <DCCReference Include="..\rpfmetaviewvcl.pas">
      <Form>FRpMetaVCL</Form>
    </DCCReference>
    <DCCReference Include="..\rpfparamsvcl.pas">
      <Form>FRpParamsVCL</Form>
    </DCCReference>
    <DCCReference Include="..\rpgdidriver.pas">
      <Form>FRpVCLProgress</Form>
    </DCCReference>
    <DCCReference Include="..\rpgdifonts.pas" />
    <DCCReference Include="..\rpgraphutilsvcl.pas">
      <Form>FRpMessageDlgVCL</Form>
    </DCCReference>
    <DCCReference Include="..\rphashtable.pas" />
    <DCCReference Include="..\rphtmldriver.pas" />
    <DCCReference Include="..\rpinfoprovgdi.pas" />
    <DCCReference Include="..\rpinfoprovid.pas" />
    <DCCReference Include="..\rplabelitem.pas" />
    <DCCReference Include="..\rplastsav.pas" />
    <DCCReference Include="..\rpmaskedit.pas" />
    <DCCReference Include="..\rpmdbarcode.pas" />
    <DCCReference Include="..\rpmdchart.pas" />
    <DCCReference Include="..\rpmdcharttypes.pas" />
    <DCCReference Include="..\rpmdconsts.pas" />
    <DCCReference Include="..\rpmdfaboutvcl.pas">
      <Form>FRpAboutBoxVCL</Form>
    </DCCReference>
    <DCCReference Include="..\rpmdfbarcodeintvcl.pas" />
    <DCCReference Include="..\rpmdfchartintvcl.pas" />
    <DCCReference Include="..\rpmdfconnectionvcl.pas">
      <Form>FRpConnectionVCL</Form>
      <DesignClass>TFrame</DesignClass>
    </DCCReference>
    <DCCReference Include="..\rpmdfdatasetsvcl.pas">
      <Form>FRpDatasetsVCL</Form>
      <DesignClass>TFrame</DesignClass>
    </DCCReference>
    <DCCReference Include="..\rpmdfdatatextvcl.pas">
      <Form>FRpDataTextVCL</Form>
    </DCCReference>
    <DCCReference Include="..\rpmdfdesignvcl.pas">
      <Form>FRpDesignFrameVCL</Form>
      <DesignClass>TFrame</DesignClass>
    </DCCReference>
    <DCCReference Include="..\rpmdfdinfovcl.pas">
      <Form>FRpDInfoVCL</Form>
    </DCCReference>
    <DCCReference Include="..\rpmdfdrawintvcl.pas" />
    <DCCReference Include="..\rpmdfextsecvcl.pas">
      <Form>FRpExtSectionVCL</Form>
    </DCCReference>
    <DCCReference Include="..\rpmdfgridvcl.pas">
      <Form>FRpGridOptionsVCL</Form>
    </DCCReference>
    <DCCReference Include="..\rpmdflabelintvcl.pas" />
    <DCCReference Include="..\rpmdfmainvcl.pas">
      <Form>FRpMainFVCL</Form>
    </DCCReference>
    <DCCReference Include="..\rpmdfopenlibvcl.pas">
      <Form>FRpOpenLibVCL</Form>
    </DCCReference>
    <DCCReference Include="..\rpmdfsampledatavcl.pas">
      <Form>FRpShowSampledataVCL</Form>
    </DCCReference>
    <DCCReference Include="..\rpmdfsearchvcl.pas">
      <Form>TFRpSearchParamVCL</Form>
    </DCCReference>
    <DCCReference Include="..\rpmdfsectionintvcl.pas" />
    <DCCReference Include="..\rpmdfstrucvcl.pas">
      <Form>FRpStructureVCL</Form>
      <DesignClass>TFrame</DesignClass>
    </DCCReference>
    <DCCReference Include="..\rpmdftreevcl.pas">
      <Form>FRpDBTreeVCL</Form>
      <DesignClass>TFrame</DesignClass>
    </DCCReference>
    <DCCReference Include="..\rpmdfwizardvcl.pas">
      <Form>FRpWizardVCL</Form>
    </DCCReference>
    <DCCReference Include="..\rpmdobinsintvcl.pas" />
    <DCCReference Include="..\rpmdobjinspvcl.pas">
      <Form>FRpObjInspVCL</Form>
      <DesignClass>TFrame</DesignClass>
    </DCCReference>
    <DCCReference Include="..\rpmdprintconfigvcl.pas">
      <Form>FRpPrinterConfigVCL</Form>
    </DCCReference>
    <DCCReference Include="..\rpmdshfolder.pas" />
    <DCCReference Include="..\rpmdsysinfo.pas">
      <Form>FRpSysInfo</Form>
    </DCCReference>
    <DCCReference Include="..\rpmetafile.pas" />
    <DCCReference Include="..\rpmunits.pas" />
    <DCCReference Include="..\rppagesetupvcl.pas">
      <Form>FRpPageSetupVCL</Form>
    </DCCReference>
    <DCCReference Include="..\rpparams.pas" />
    <DCCReference Include="..\rpparser.pas" />
    <DCCReference Include="..\rppdfdriver.pas" />
    <DCCReference Include="..\rppdffile.pas" />
    <DCCReference Include="..\rppdfreport.pas" />
    <DCCReference Include="..\rppreviewcontrol.pas" />
    <DCCReference Include="..\rppreviewmeta.pas" />
    <DCCReference Include="..\rpprintitem.pas" />
    <DCCReference Include="..\rpregvcl.pas" />
    <DCCReference Include="..\rpreport.pas" />
    <DCCReference Include="..\rprfvparams.pas">
      <Form>FRpRTParams</Form>
    </DCCReference>
    <DCCReference Include="..\rprulervcl.pas" />
    <DCCReference Include="..\rpsection.pas" />
    <DCCReference Include="..\rpsecutil.pas" />
    <DCCReference Include="..\rpstringhash.pas" />
    <DCCReference Include="..\rpsubreport.pas" />
    <DCCReference Include="..\rpsvgdriver.pas" />
    <DCCReference Include="..\rptextdriver.pas" />
    <DCCReference Include="..\rptranslator.pas" />
    <DCCReference Include="..\rptypes.pas" />
    <DCCReference Include="..\rptypeval.pas" />
    <DCCReference Include="..\rpvclreport.pas" />
    <DCCReference Include="..\rpvgraphutils.pas" />
    <DCCReference Include="..\rpvpreview.pas">
      <Form>FRpVPreview</Form>
    </DCCReference>
    <DCCReference Include="..\rpwriter.pas" />
    <DCCReference Include="..\rpxmlstream.pas" />
  </ItemGroup>
</Project>